
Microsoft Visual Studio Solution File, Format Version 12.00
# Visual Studio Version 16
VisualStudioVersion = 16.0.29519.87
MinimumVisualStudioVersion = 10.0.40219.1
Project("{9A19103F-16F7-4668-BE54-9A1E7A4F7556}") = "Validation", "src\validation\Validation.csproj", "{13B4A418-27CF-4A8C-9934-10F6D0E58D22}"
EndProject
Project("{9A19103F-16F7-4668-BE54-9A1E7A4F7556}") = "Test", "test\validation\Test.csproj", "{FD6F680A-9B2E-4E4C-8279-EB5A000AC1F0}"
EndProject
Global
	GlobalSection(SolutionConfigurationPlatforms) = preSolution
		Debug|Any CPU = Debug|Any CPU
		Release|Any CPU = Release|Any CPU
	EndGlobalSection
	GlobalSection(ProjectConfigurationPlatforms) = postSolution
		{13B4A418-27CF-4A8C-9934-10F6D0E58D22}.Debug|Any CPU.ActiveCfg = Debug|Any CPU
		{13B4A418-27CF-4A8C-9934-10F6D0E58D22}.Debug|Any CPU.Build.0 = Debug|Any CPU
		{13B4A418-27CF-4A8C-9934-10F6D0E58D22}.Release|Any CPU.ActiveCfg = Release|Any CPU
		{13B4A418-27CF-4A8C-9934-10F6D0E58D22}.Release|Any CPU.Build.0 = Release|Any CPU
		{FD6F680A-9B2E-4E4C-8279-EB5A000AC1F0}.Debug|Any CPU.ActiveCfg = Debug|Any CPU
		{FD6F680A-9B2E-4E4C-8279-EB5A000AC1F0}.Debug|Any CPU.Build.0 = Debug|Any CPU
		{FD6F680A-9B2E-4E4C-8279-EB5A000AC1F0}.Release|Any CPU.ActiveCfg = Release|Any CPU
		{FD6F680A-9B2E-4E4C-8279-EB5A000AC1F0}.Release|Any CPU.Build.0 = Release|Any CPU
	EndGlobalSection
	GlobalSection(SolutionProperties) = preSolution
		HideSolutionNode = FALSE
	EndGlobalSection
	GlobalSection(ExtensibilityGlobals) = postSolution
		SolutionGuid = {46FF19C3-6EAD-4BC8-B883-572CDEAFD303}
	EndGlobalSection
EndGlobal
